
Microsoft Visual Studio Solution File, Format Version 12.00
# Visual Studio Version 16
VisualStudioVersion = 16.0.33927.289
MinimumVisualStudioVersion = 10.0.40219.1
Project("{FAE04EC0-301F-11D3-BF4B-00C04F79EFBC}") = "Danphetesting", "Danphetesting\Danphetesting.csproj", "{AA9A3C4D-73D0-4378-878E-95A90918EF6E}"
EndProject
Global
	GlobalSection(SolutionConfigurationPlatforms) = preSolution
		Debug|Any CPU = Debug|Any CPU
		Release|Any CPU = Release|Any CPU
	EndGlobalSection
	GlobalSection(ProjectConfigurationPlatforms) = postSolution
		{AA9A3C4D-73D0-4378-878E-95A90918EF6E}.Debug|Any CPU.ActiveCfg = Debug|Any CPU
		{AA9A3C4D-73D0-4378-878E-95A90918EF6E}.Debug|Any CPU.Build.0 = Debug|Any CPU
		{AA9A3C4D-73D0-4378-878E-95A90918EF6E}.Release|Any CPU.ActiveCfg = Release|Any CPU
		{AA9A3C4D-73D0-4378-878E-95A90918EF6E}.Release|Any CPU.Build.0 = Release|Any CPU
	EndGlobalSection
	GlobalSection(SolutionProperties) = preSolution
		HideSolutionNode = FALSE
	EndGlobalSection
	GlobalSection(ExtensibilityGlobals) = postSolution
		SolutionGuid = {64DE8E45-F7DE-4F2D-82EA-A2AF218E86A4}
	EndGlobalSection
EndGlobal
